
Microsoft Visual Studio Solution File, Format Version 12.00
# Visual Studio Version 17
VisualStudioVersion = 17.13.35931.197 d17.13
MinimumVisualStudioVersion = 10.0.40219.1
Project("{FAE04EC0-301F-11D3-BF4B-00C04F79EFBC}") = "MenuX", "MenuX\MenuX.csproj", "{1F74969E-334B-4641-AF20-A57CB22D417C}"
EndProject
Global
	GlobalSection(SolutionConfigurationPlatforms) = preSolution
		Debug|Any CPU = Debug|Any CPU
		Release|Any CPU = Release|Any CPU
	EndGlobalSection
	GlobalSection(ProjectConfigurationPlatforms) = postSolution
		{1F74969E-334B-4641-AF20-A57CB22D417C}.Debug|Any CPU.ActiveCfg = Debug|Any CPU
		{1F74969E-334B-4641-AF20-A57CB22D417C}.Debug|Any CPU.Build.0 = Debug|Any CPU
		{1F74969E-334B-4641-AF20-A57CB22D417C}.Release|Any CPU.ActiveCfg = Release|Any CPU
		{1F74969E-334B-4641-AF20-A57CB22D417C}.Release|Any CPU.Build.0 = Release|Any CPU
	EndGlobalSection
	GlobalSection(SolutionProperties) = preSolution
		HideSolutionNode = FALSE
	EndGlobalSection
	GlobalSection(ExtensibilityGlobals) = postSolution
		SolutionGuid = {1A1C3DDC-E664-47B9-87ED-A7F3D340B031}
	EndGlobalSection
EndGlobal
